// !$*UTF8*$!
{
	archiveVersion = 1;
	classes = {
	};
	objectVersion = 46;
	objects = {

/* Begin PBXBuildFile section */
		1FE863231BC5231900B23C4C /* AppDelegate.swift in Sources */ = {isa = PBXBuildFile; fileRef = 1FE863221BC5231900B23C4C /* AppDelegate.swift */; };
		1FE863261BC5231A00B23C4C /* SaveImage.xcdatamodeld in Sources */ = {isa = PBXBuildFile; fileRef = 1FE863241BC5231A00B23C4C /* SaveImage.xcdatamodeld */; };
		1FE863281BC5231A00B23C4C /* ViewController.swift in Sources */ = {isa = PBXBuildFile; fileRef = 1FE863271BC5231A00B23C4C /* ViewController.swift */; };
		1FE8632B1BC5231B00B23C4C /* Main.storyboard in Resources */ = {isa = PBXBuildFile; fileRef = 1FE863291BC5231B00B23C4C /* Main.storyboard */; };
		1FE8632D1BC5231B00B23C4C /* Images.xcassets in Resources */ = {isa = PBXBuildFile; fileRef = 1FE8632C1BC5231B00B23C4C /* Images.xcassets */; };
		1FE863301BC5231B00B23C4C /* LaunchScreen.xib in Resources */ = {isa = PBXBuildFile; fileRef = 1FE8632E1BC5231B00B23C4C /* LaunchScreen.xib */; };
		1FE8633C1BC5231C00B23C4C /* SaveImageTests.swift in Sources */ = {isa = PBXBuildFile; fileRef = 1FE8633B1BC5231C00B23C4C /* SaveImageTests.swift */; };
/* End PBXBuildFile section */

/* Begin PBXContainerItemProxy section */
		1FE863361BC5231C00B23C4C /* PBXContainerItemProxy */ = {
			isa = PBXContainerItemProxy;
			containerPortal = 1FE863151BC5231800B23C4C /* Project object */;
			proxyType = 1;
			remoteGlobalIDString = 1FE8631C1BC5231900B23C4C;
			remoteInfo = SaveImage;
		};
/* End PBXContainerItemProxy section */

/* Begin PBXFileReference section */
		1FE8631D1BC5231900B23C4C /* SaveImage.app */ = {isa = PBXFileReference; explicitFileType = wrapper.application; includeInIndex = 0; path = SaveImage.app; sourceTree = BUILT_PRODUCTS_DIR; };
		1FE863211BC5231900B23C4C /* Info.plist */ = {isa = PBXFileReference; lastKnownFileType = text.plist.xml; path = Info.plist; sourceTree = "<group>"; };
		1FE863221BC5231900B23C4C /* AppDelegate.swift */ = {isa = PBXFileReference; lastKnownFileType = sourcecode.swift; path = AppDelegate.swift; sourceTree = "<group>"; };
		1FE863251BC5231A00B23C4C /* SaveImage.xcdatamodel */ = {isa = PBXFileReference; lastKnownFileType = wrapper.xcdatamodel; path = SaveImage.xcdatamodel; sourceTree = "<group>"; };
		1FE863271BC5231A00B23C4C /* ViewController.swift */ = {isa = PBXFileReference; lastKnownFileType = sourcecode.swift; path = ViewController.swift; sourceTree = "<group>"; };
		1FE8632A1BC5231B00B23C4C /* Base */ = {isa = PBXFileReference; lastKnownFileType = file.storyboard; name = Base; path = Base.lproj/Main.storyboard; sourceTree = "<group>"; };
		1FE8632C1BC5231B00B23C4C /* Images.xcassets */ = {isa = PBXFileReference; lastKnownFileType = folder.assetcatalog; path = Images.xcassets; sourceTree = "<group>"; };
		1FE8632F1BC5231B00B23C4C /* Base */ = {isa = PBXFileReference; lastKnownFileType = file.xib; name = Base; path = Base.lproj/LaunchScreen.xib; sourceTree = "<group>"; };
		1FE863351BC5231C00B23C4C /* SaveImageTests.xctest */ = {isa = PBXFileReference; explicitFileType = wrapper.cfbundle; includeInIndex = 0; path = SaveImageTests.xctest; sourceTree = BUILT_PRODUCTS_DIR; };
		1FE8633A1BC5231C00B23C4C /* Info.plist */ = {isa = PBXFileReference; lastKnownFileType = text.plist.xml; path = Info.plist; sourceTree = "<group>"; };
		1FE8633B1BC5231C00B23C4C /* SaveImageTests.swift */ = {isa = PBXFileReference; lastKnownFileType = sourcecode.swift; path = SaveImageTests.swift; sourceTree = "<group>"; };
/* End PBXFileReference section */

/* Begin PBXFrameworksBuildPhase section */
		1FE8631A1BC5231900B23C4C /* Frameworks */ = {
			isa = PBXFrameworksBuildPhase;
			buildActionMask = 2147483647;
			files = (
			);
			runOnlyForDeploymentPostprocessing = 0;
		};
		1FE863321BC5231C00B23C4C /* Frameworks */ = {
			isa = PBXFrameworksBuildPhase;
			buildActionMask = 2147483647;
			files = (
			);
			runOnlyForDeploymentPostprocessing = 0;
		};
/* End PBXFrameworksBuildPhase section */

/* Begin PBXGroup section */
		1FE863141BC5231700B23C4C = {
			isa = PBXGroup;
			children = (
				1FE8631F1BC5231900B23C4C /* SaveImage */,
				1FE863381BC5231C00B23C4C /* SaveImageTests */,
				1FE8631E1BC5231900B23C4C /* Products */,
			);
			sourceTree = "<group>";
		};
		1FE8631E1BC5231900B23C4C /* Products */ = {
			isa = PBXGroup;
			children = (
				1FE8631D1BC5231900B23C4C /* SaveImage.app */,
				1FE863351BC5231C00B23C4C /* SaveImageTests.xctest */,
			);
			name = Products;
			sourceTree = "<group>";
		};
		1FE8631F1BC5231900B23C4C /* SaveImage */ = {
			isa = PBXGroup;
			children = (
				1FE863221BC5231900B23C4C /* AppDelegate.swift */,
				1FE863271BC5231A00B23C4C /* ViewController.swift */,
				1FE863291BC5231B00B23C4C /* Main.storyboard */,
				1FE8632C1BC5231B00B23C4C /* Images.xcassets */,
				1FE8632E1BC5231B00B23C4C /* LaunchScreen.xib */,
				1FE863241BC5231A00B23C4C /* SaveImage.xcdatamodeld */,
				1FE863201BC5231900B23C4C /* Supporting Files */,
			);
			path = SaveImage;
			sourceTree = "<group>";
		};
		1FE863201BC5231900B23C4C /* Supporting Files */ = {
			isa = PBXGroup;
			children = (
				1FE863211BC5231900B23C4C /* Info.plist */,
			);
			name = "Supporting Files";
			sourceTree = "<group>";
		};
		1FE863381BC5231C00B23C4C /* SaveImageTests */ = {
			isa = PBXGroup;
			children = (
				1FE8633B1BC5231C00B23C4C /* SaveImageTests.swift */,
				1FE863391BC5231C00B23C4C /* Supporting Files */,
			);
			path = SaveImageTests;
			sourceTree = "<group>";
		};
		1FE863391BC5231C00B23C4C /* Supporting Files */ = {
			isa = PBXGroup;
			children = (
				1FE8633A1BC5231C00B23C4C /* Info.plist */,
			);
			name = "Supporting Files";
			sourceTree = "<group>";
		};
/* End PBXGroup section */

/* Begin PBXNativeTarget section */
		1FE8631C1BC5231900B23C4C /* SaveImage */ = {
			isa = PBXNativeTarget;
			buildConfigurationList = 1FE8633F1BC5231D00B23C4C /* Build configuration list for PBXNativeTarget "SaveImage" */;
			buildPhases = (
				1FE863191BC5231900B23C4C /* Sources */,
				1FE8631A1BC5231900B23C4C /* Frameworks */,
				1FE8631B1BC5231900B23C4C /* Resources */,
			);
			buildRules = (
			);
			dependencies = (
			);
			name = SaveImage;
			productName = SaveImage;
			productReference = 1FE8631D1BC5231900B23C4C /* SaveImage.app */;
			productType = "com.apple.product-type.application";
		};
		1FE863341BC5231C00B23C4C /* SaveImageTests */ = {
			isa = PBXNativeTarget;
			buildConfigurationList = 1FE863421BC5231D00B23C4C /* Build configuration list for PBXNativeTarget "SaveImageTests" */;
			buildPhases = (
				1FE863311BC5231C00B23C4C /* Sources */,
				1FE863321BC5231C00B23C4C /* Frameworks */,
				1FE863331BC5231C00B23C4C /* Resources */,
			);
			buildRules = (
			);
			dependencies = (
				1FE863371BC5231C00B23C4C /* PBXTargetDependency */,
			);
			name = SaveImageTests;
			productName = SaveImageTests;
			productReference = 1FE863351BC5231C00B23C4C /* SaveImageTests.xctest */;
			productType = "com.apple.product-type.bundle.unit-test";
		};
/* End PBXNativeTarget section */

/* Begin PBXProject section */
		1FE863151BC5231800B23C4C /* Project object */ = {
			isa = PBXProject;
			attributes = {
				LastUpgradeCheck = 0640;
				ORGANIZATIONNAME = Administrator;
				TargetAttributes = {
					1FE8631C1BC5231900B23C4C = {
						CreatedOnToolsVersion = 6.4;
					};
					1FE863341BC5231C00B23C4C = {
						CreatedOnToolsVersion = 6.4;
						TestTargetID = 1FE8631C1BC5231900B23C4C;
					};
				};
			};
			buildConfigurationList = 1FE863181BC5231800B23C4C /* Build configuration list for PBXProject "SaveImage" */;
			compatibilityVersion = "Xcode 3.2";
			developmentRegion = English;
			hasScannedForEncodings = 0;
			knownRegions = (
				en,
				Base,
			);
			mainGroup = 1FE863141BC5231700B23C4C;
			productRefGroup = 1FE8631E1BC5231900B23C4C /* Products */;
			projectDirPath = "";
			projectRoot = "";
			targets = (
				1FE8631C1BC5231900B23C4C /* SaveImage */,
				1FE863341BC5231C00B23C4C /* SaveImageTests */,
			);
		};
/* End PBXProject section */

/* Begin PBXResourcesBuildPhase section */
		1FE8631B1BC5231900B23C4C /* Resources */ = {
			isa = PBXResourcesBuildPhase;
			buildActionMask = 2147483647;
			files = (
				1FE8632B1BC5231B00B23C4C /* Main.storyboard in Resources */,
				1FE863301BC5231B00B23C4C /* LaunchScreen.xib in Resources */,
				1FE8632D1BC5231B00B23C4C /* Images.xcassets in Resources */,
			);
			runOnlyForDeploymentPostprocessing = 0;
		};
		1FE863331BC5231C00B23C4C /* Resources */ = {
			isa = PBXResourcesBuildPhase;
			buildActionMask = 2147483647;
			files = (
			);
			runOnlyForDeploymentPostprocessing = 0;
		};
/* End PBXResourcesBuildPhase section */

/* Begin PBXSourcesBuildPhase section */
		1FE863191BC5231900B23C4C /* Sources */ = {
			isa = PBXSourcesBuildPhase;
			buildActionMask = 2147483647;
			files = (
				1FE863281BC5231A00B23C4C /* ViewController.swift in Sources */,
				1FE863261BC5231A00B23C4C /* SaveImage.xcdatamodeld in Sources */,
				1FE863231BC5231900B23C4C /* AppDelegate.swift in Sources */,
			);
			runOnlyForDeploymentPostprocessing = 0;
		};
		1FE863311BC5231C00B23C4C /* Sources */ = {
			isa = PBXSourcesBuildPhase;
			buildActionMask = 2147483647;
			files = (
				1FE8633C1BC5231C00B23C4C /* SaveImageTests.swift in Sources */,
			);
			runOnlyForDeploymentPostprocessing = 0;
		};
/* End PBXSourcesBuildPhase section */

/* Begin PBXTargetDependency section */
		1FE863371BC5231C00B23C4C /* PBXTargetDependency */ = {
			isa = PBXTargetDependency;
			target = 1FE8631C1BC5231900B23C4C /* SaveImage */;
			targetProxy = 1FE863361BC5231C00B23C4C /* PBXContainerItemProxy */;
		};
/* End PBXTargetDependency section */

/* Begin PBXVariantGroup section */
		1FE863291BC5231B00B23C4C /* Main.storyboard */ = {
			isa = PBXVariantGroup;
			children = (
				1FE8632A1BC5231B00B23C4C /* Base */,
			);
			name = Main.storyboard;
			sourceTree = "<group>";
		};
		1FE8632E1BC5231B00B23C4C /* LaunchScreen.xib */ = {
			isa = PBXVariantGroup;
			children = (
				1FE8632F1BC5231B00B23C4C /* Base */,
			);
			name = LaunchScreen.xib;
			sourceTree = "<group>";
		};
/* End PBXVariantGroup section */

/* Begin XCBuildConfiguration section */
		1FE8633D1BC5231D00B23C4C /* Debug */ = {
			isa = XCBuildConfiguration;
			buildSettings = {
				ALWAYS_SEARCH_USER_PATHS = NO;
				CLANG_CXX_LANGUAGE_STANDARD = "gnu++0x";
				CLANG_CXX_LIBRARY = "libc++";
				CLANG_ENABLE_MODULES = YES;
				CLANG_ENABLE_OBJC_ARC = YES;
				CLANG_WARN_BOOL_CONVERSION = YES;
				CLANG_WARN_CONSTANT_CONVERSION = YES;
				CLANG_WARN_DIRECT_OBJC_ISA_USAGE = YES_ERROR;
				CLANG_WARN_EMPTY_BODY = YES;
				CLANG_WARN_ENUM_CONVERSION = YES;
				CLANG_WARN_INT_CONVERSION = YES;
				CLANG_WARN_OBJC_ROOT_CLASS = YES_ERROR;
				CLANG_WARN_UNREACHABLE_CODE = YES;
				CLANG_WARN__DUPLICATE_METHOD_MATCH = YES;
				"CODE_SIGN_IDENTITY[sdk=iphoneos*]" = "iPhone Developer";
				COPY_PHASE_STRIP = NO;
				DEBUG_INFORMATION_FORMAT = "dwarf-with-dsym";
				ENABLE_STRICT_OBJC_MSGSEND = YES;
				GCC_C_LANGUAGE_STANDARD = gnu99;
				GCC_DYNAMIC_NO_PIC = NO;
				GCC_NO_COMMON_BLOCKS = YES;
				GCC_OPTIMIZATION_LEVEL = 0;
				GCC_PREPROCESSOR_DEFINITIONS = (
					"DEBUG=1",
					"$(inherited)",
				);
				GCC_SYMBOLS_PRIVATE_EXTERN = NO;
				GCC_WARN_64_TO_32_BIT_CONVERSION = YES;
				GCC_WARN_ABOUT_RETURN_TYPE = YES_ERROR;
				GCC_WARN_UNDECLARED_SELECTOR = YES;
				GCC_WARN_UNINITIALIZED_AUTOS = YES_AGGRESSIVE;
				GCC_WARN_UNUSED_FUNCTION = YES;
				GCC_WARN_UNUSED_VARIABLE = YES;
				IPHONEOS_DEPLOYMENT_TARGET = 8.4;
				MTL_ENABLE_DEBUG_INFO = YES;
				ONLY_ACTIVE_ARCH = YES;
				SDKROOT = iphoneos;
				SWIFT_OPTIMIZATION_LEVEL = "-Onone";
				TARGETED_DEVICE_FAMILY = "1,2";
			};
			name = Debug;
		};
		1FE8633E1BC5231D00B23C4C /* Release */ = {
			isa = XCBuildConfiguration;
			buildSettings = {
				ALWAYS_SEARCH_USER_PATHS = NO;
				CLANG_CXX_LANGUAGE_STANDARD = "gnu++0x";
				CLANG_CXX_LIBRARY = "libc++";
				CLANG_ENABLE_MODULES = YES;
				CLANG_ENABLE_OBJC_ARC = YES;
				CLANG_WARN_BOOL_CONVERSION = YES;
				CLANG_WARN_CONSTANT_CONVERSION = YES;
				CLANG_WARN_DIRECT_OBJC_ISA_USAGE = YES_ERROR;
				CLANG_WARN_EMPTY_BODY = YES;
				CLANG_WARN_ENUM_CONVERSION = YES;
				CLANG_WARN_INT_CONVERSION = YES;
				CLANG_WARN_OBJC_ROOT_CLASS = YES_ERROR;
				CLANG_WARN_UNREACHABLE_CODE = YES;
				CLANG_WARN__DUPLICATE_METHOD_MATCH = YES;
				"CODE_SIGN_IDENTITY[sdk=iphoneos*]" = "iPhone Developer";
				COPY_PHASE_STRIP = NO;
				DEBUG_INFORMATION_FORMAT = "dwarf-with-dsym";
				ENABLE_NS_ASSERTIONS = NO;
				ENABLE_STRICT_OBJC_MSGSEND = YES;
				GCC_C_LANGUAGE_STANDARD = gnu99;
				GCC_NO_COMMON_BLOCKS = YES;
				GCC_WARN_64_TO_32_BIT_CONVERSION = YES;
				GCC_WARN_ABOUT_RETURN_TYPE = YES_ERROR;
				GCC_WARN_UNDECLARED_SELECTOR = YES;
				GCC_WARN_UNINITIALIZED_AUTOS = YES_AGGRESSIVE;
				GCC_WARN_UNUSED_FUNCTION = YES;
				GCC_WARN_UNUSED_VARIABLE = YES;
				IPHONEOS_DEPLOYMENT_TARGET = 8.4;
				MTL_ENABLE_DEBUG_INFO = NO;
				SDKROOT = iphoneos;
				TARGETED_DEVICE_FAMILY = "1,2";
				VALIDATE_PRODUCT = YES;
			};
			name = Release;
		};
		1FE863401BC5231D00B23C4C /* Debug */ = {
			isa = XCBuildConfiguration;
			buildSettings = {
				ASSETCATALOG_COMPILER_APPICON_NAME = AppIcon;
				INFOPLIST_FILE = SaveImage/Info.plist;
				LD_RUNPATH_SEARCH_PATHS = "$(inherited) @executable_path/Frameworks";
				PRODUCT_NAME = "$(TARGET_NAME)";
			};
			name = Debug;
		};
		1FE863411BC5231D00B23C4C /* Release */ = {
			isa = XCBuildConfiguration;
			buildSettings = {
				ASSETCATALOG_COMPILER_APPICON_NAME = AppIcon;
				INFOPLIST_FILE = SaveImage/Info.plist;
				LD_RUNPATH_SEARCH_PATHS = "$(inherited) @executable_path/Frameworks";
				PRODUCT_NAME = "$(TARGET_NAME)";
			};
			name = Release;
		};
		1FE863431BC5231D00B23C4C /* Debug */ = {
			isa = XCBuildConfiguration;
			buildSettings = {
				BUNDLE_LOADER = "$(TEST_HOST)";
				FRAMEWORK_SEARCH_PATHS = (
					"$(SDKROOT)/Developer/Library/Frameworks",
					"$(inherited)",
				);
				GCC_PREPROCESSOR_DEFINITIONS = (
					"DEBUG=1",
					"$(inherited)",
				);
				INFOPLIST_FILE = SaveImageTests/Info.plist;
				LD_RUNPATH_SEARCH_PATHS = "$(inherited) @executable_path/Frameworks @loader_path/Frameworks";
				PRODUCT_NAME = "$(TARGET_NAME)";
				TEST_HOST = "$(BUILT_PRODUCTS_DIR)/SaveImage.app/SaveImage";
			};
			name = Debug;
		};
		1FE863441BC5231D00B23C4C /* Release */ = {
			isa = XCBuildConfiguration;
			buildSettings = {
				BUNDLE_LOADER = "$(TEST_HOST)";
				FRAMEWORK_SEARCH_PATHS = (
					"$(SDKROOT)/Developer/Library/Frameworks",
					"$(inherited)",
				);
				INFOPLIST_FILE = SaveImageTests/Info.plist;
				LD_RUNPATH_SEARCH_PATHS = "$(inherited) @executable_path/Frameworks @loader_path/Frameworks";
				PRODUCT_NAME = "$(TARGET_NAME)";
				TEST_HOST = "$(BUILT_PRODUCTS_DIR)/SaveImage.app/SaveImage";
			};
			name = Release;
		};
/* End XCBuildConfiguration section */

/* Begin XCConfigurationList section */
		1FE863181BC5231800B23C4C /* Build configuration list for PBXProject "SaveImage" */ = {
			isa = XCConfigurationList;
			buildConfigurations = (
				1FE8633D1BC5231D00B23C4C /* Debug */,
				1FE8633E1BC5231D00B23C4C /* Release */,
			);
			defaultConfigurationIsVisible = 0;
			defaultConfigurationName = Release;
		};
		1FE8633F1BC5231D00B23C4C /* Build configuration list for PBXNativeTarget "SaveImage" */ = {
			isa = XCConfigurationList;
			buildConfigurations = (
				1FE863401BC5231D00B23C4C /* Debug */,
				1FE863411BC5231D00B23C4C /* Release */,
			);
			defaultConfigurationIsVisible = 0;
		};
		1FE863421BC5231D00B23C4C /* Build configuration list for PBXNativeTarget "SaveImageTests" */ = {
			isa = XCConfigurationList;
			buildConfigurations = (
				1FE863431BC5231D00B23C4C /* Debug */,
				1FE863441BC5231D00B23C4C /* Release */,
			);
			defaultConfigurationIsVisible = 0;
		};
/* End XCConfigurationList section */

/* Begin XCVersionGroup section */
		1FE863241BC5231A00B23C4C /* SaveImage.xcdatamodeld */ = {
			isa = XCVersionGroup;
			children = (
				1FE863251BC5231A00B23C4C /* SaveImage.xcdatamodel */,
			);
			currentVersion = 1FE863251BC5231A00B23C4C /* SaveImage.xcdatamodel */;
			path = SaveImage.xcdatamodeld;
			sourceTree = "<group>";
			versionGroupType = wrapper.xcdatamodel;
		};
/* End XCVersionGroup section */
	};
	rootObject = 1FE863151BC5231800B23C4C /* Project object */;
}
